
Microsoft Visual Studio Solution File, Format Version 12.00
# Visual Studio Version 17
VisualStudioVersion = 17.7.34024.191
MinimumVisualStudioVersion = 10.0.40219.1
Project("{FAE04EC0-301F-11D3-BF4B-00C04F79EFBC}") = "11.If_statements", "11.If_statements.csproj", "{0B826C09-A0D5-4325-BECE-3FDD22B05EB9}"
EndProject
Global
	GlobalSection(SolutionConfigurationPlatforms) = preSolution
		Debug|Any CPU = Debug|Any CPU
		Release|Any CPU = Release|Any CPU
	EndGlobalSection
	GlobalSection(ProjectConfigurationPlatforms) = postSolution
		{0B826C09-A0D5-4325-BECE-3FDD22B05EB9}.Debug|Any CPU.ActiveCfg = Debug|Any CPU
		{0B826C09-A0D5-4325-BECE-3FDD22B05EB9}.Debug|Any CPU.Build.0 = Debug|Any CPU
		{0B826C09-A0D5-4325-BECE-3FDD22B05EB9}.Release|Any CPU.ActiveCfg = Release|Any CPU
		{0B826C09-A0D5-4325-BECE-3FDD22B05EB9}.Release|Any CPU.Build.0 = Release|Any CPU
	EndGlobalSection
	GlobalSection(SolutionProperties) = preSolution
		HideSolutionNode = FALSE
	EndGlobalSection
	GlobalSection(ExtensibilityGlobals) = postSolution
		SolutionGuid = {9A3BDC59-DBF2-482D-9DD1-EB3C6B13D43E}
	EndGlobalSection
EndGlobal
